
Microsoft Visual Studio Solution File, Format Version 12.00
# Visual Studio Version 17
VisualStudioVersion = 17.6.33815.320
MinimumVisualStudioVersion = 10.0.40219.1
Project("{FAE04EC0-301F-11D3-BF4B-00C04F79EFBC}") = "HotelListing.API", "HotelListing.API\HotelListing.API.csproj", "{37FFF02B-029F-465E-8D2D-D543B8A16D47}"
EndProject
Global
	GlobalSection(SolutionConfigurationPlatforms) = preSolution
		Debug|Any CPU = Debug|Any CPU
		Release|Any CPU = Release|Any CPU
	EndGlobalSection
	GlobalSection(ProjectConfigurationPlatforms) = postSolution
		{37FFF02B-029F-465E-8D2D-D543B8A16D47}.Debug|Any CPU.ActiveCfg = Debug|Any CPU
		{37FFF02B-029F-465E-8D2D-D543B8A16D47}.Debug|Any CPU.Build.0 = Debug|Any CPU
		{37FFF02B-029F-465E-8D2D-D543B8A16D47}.Release|Any CPU.ActiveCfg = Release|Any CPU
		{37FFF02B-029F-465E-8D2D-D543B8A16D47}.Release|Any CPU.Build.0 = Release|Any CPU
	EndGlobalSection
	GlobalSection(SolutionProperties) = preSolution
		HideSolutionNode = FALSE
	EndGlobalSection
	GlobalSection(ExtensibilityGlobals) = postSolution
		SolutionGuid = {013F4447-ECA8-43E2-90CC-4631B0CAC4C1}
	EndGlobalSection
EndGlobal
